<?xml version="1.0" encoding="utf-8"?>
<Project ToolsVersion="4.0" xmlns="http://schemas.microsoft.com/developer/msbuild/2003">
  <ItemGroup>
    <Filter Include="Source Files">
      <UniqueIdentifier>{01d9929c-a009-4075-933f-c60f008d5347}</UniqueIdentifier>
      <Extensions>cpp;c;cxx;rc;def;r;odl;idl;hpj;bat</Extensions>
    </Filter>
    <Filter Include="Header Files">
      <UniqueIdentifier>{e20e7442-fec4-4848-8dff-9f9c1c3f423c}</UniqueIdentifier>
      <Extensions>h;hpp;hxx;hm;inl</Extensions>
    </Filter>
    <Filter Include="Resource Files">
      <UniqueIdentifier>{07c71bb5-8d0d-4b83-b4f2-52d4714e6f38}</UniqueIdentifier>
      <Extensions>ico;cur;bmp;dlg;rc2;rct;bin;rgs;gif;jpg;jpeg;jpe</Extensions>
    </Filter>
  </ItemGroup>
  <ItemGroup>
    <ClCompile Include="..\..\apps\app_rand.c">
      <Filter>Source Files</Filter>
    </ClCompile>
    <ClCompile Include="..\..\apps\apps.c">
      <Filter>Source Files</Filter>
    </ClCompile>
    <ClCompile Include="..\..\apps\rand.c">
      <Filter>Source Files</Filter>
    </ClCompile>
  </ItemGroup>
</Project>