
Microsoft Visual Studio Solution File, Format Version 12.00
# Visual Studio 2012
Project("{8BC9CEB8-8B4A-11D0-8D11-00A0C91BC942}") = "4758cca", "4758cca\4758cca.vcxproj", "{1044BA63-D9E0-4674-BD20-F4CD28CEC9E9}"
EndProject
Project("{8BC9CEB8-8B4A-11D0-8D11-00A0C91BC942}") = "SSLeay32", "ssleay32\SSLeay32.vcxproj", "{24265BD3-3CF3-41A9-B137-53DBEC0F53BF}"
EndProject
Project("{8BC9CEB8-8B4A-11D0-8D11-00A0C91BC942}") = "aep", "aep\aep.vcxproj", "{1E0A26D7-F00A-4EC1-8FE3-2DF8AD31116C}"
EndProject
Project("{8BC9CEB8-8B4A-11D0-8D11-00A0C91BC942}") = "asn1parse", "asn1parse\asn1parse.vcxproj", "{ECAD300A-9DA3-4050-8416-BF8A581EFBF9}"
EndProject
Project("{8BC9CEB8-8B4A-11D0-8D11-00A0C91BC942}") = "atalla", "atalla\atalla.vcxproj", "{B24E41A0-81C5-457B-92A4-8F150C2C5B0F}"
EndProject
Project("{8BC9CEB8-8B4A-11D0-8D11-00A0C91BC942}") = "bftest", "bftest\bftest.vcxproj", "{6B583F9D-D886-44B5-9437-D41F3A46422D}"
EndProject
Project("{8BC9CEB8-8B4A-11D0-8D11-00A0C91BC942}") = "bntest", "bntest\bntest.vcxproj", "{C6ABF92A-C972-4592-9649-53E4FFC66DBA}"
EndProject
Project("{8BC9CEB8-8B4A-11D0-8D11-00A0C91BC942}") = "buildAll", "buildAll\buildAll.vcxproj", "{DD72231E-AB2F-4E83-9413-BAED410DCDEC}"
EndProject
Project("{8BC9CEB8-8B4A-11D0-8D11-00A0C91BC942}") = "ca", "ca\ca.vcxproj", "{23033442-0999-4117-94AA-BA52E5B5C2A6}"
EndProject
Project("{8BC9CEB8-8B4A-11D0-8D11-00A0C91BC942}") = "capi", "capi\capi.vcxproj", "{7DB3E9AE-3F26-471F-A88D-89C5CBCAE981}"
EndProject
Project("{8BC9CEB8-8B4A-11D0-8D11-00A0C91BC942}") = "casttest", "casttest\casttest.vcxproj", "{7CE02388-A2B2-437B-9C9E-40D5989FA47B}"
EndProject
Project("{8BC9CEB8-8B4A-11D0-8D11-00A0C91BC942}") = "chil", "chil\chil.vcxproj", "{261BAB21-8E90-4EEB-B507-7281D65A5673}"
EndProject
Project("{8BC9CEB8-8B4A-11D0-8D11-00A0C91BC942}") = "ciphers", "ciphers\ciphers.vcxproj", "{6BD58CDE-4117-4100-8F39-1983B0F35F19}"
EndProject
Project("{8BC9CEB8-8B4A-11D0-8D11-00A0C91BC942}") = "cms", "cms\cms.vcxproj", "{330526E6-0FBC-412A-8427-BCB2035DF5AA}"
EndProject
Project("{8BC9CEB8-8B4A-11D0-8D11-00A0C91BC942}") = "crl", "crl\crl.vcxproj", "{C14B8F56-AEDD-41B3-8DE7-E7FDE8D7C968}"
EndProject
Project("{8BC9CEB8-8B4A-11D0-8D11-00A0C91BC942}") = "crl2pkcs7", "crl2pkcs7\crl2pkcs7.vcxproj", "{E4A30130-E0B8-42E5-8429-6589CCE29F40}"
EndProject
Project("{8BC9CEB8-8B4A-11D0-8D11-00A0C91BC942}") = "cswift", "cswift\cswift.vcxproj", "{5E383618-7AF3-451E-B4A0-B75DB40CE206}"
EndProject
Project("{8BC9CEB8-8B4A-11D0-8D11-00A0C91BC942}") = "destest", "destest\destest.vcxproj", "{CEA1937F-38CC-429C-9E70-72BE243BCF69}"
EndProject
Project("{8BC9CEB8-8B4A-11D0-8D11-00A0C91BC942}") = "dgst", "DGST\dgst.vcxproj", "{5F824E1A-9AF9-4547-BB59-22E5D5CB4CFC}"
EndProject
Project("{8BC9CEB8-8B4A-11D0-8D11-00A0C91BC942}") = "dh", "dh\dh.vcxproj", "{62BCFFE7-68D0-435F-A112-6B197E914D97}"
EndProject
Project("{8BC9CEB8-8B4A-11D0-8D11-00A0C91BC942}") = "dhparam", "dhparam\dhparam.vcxproj", "{540431EC-45EE-484C-9297-210EA19E1E01}"
EndProject
Project("{8BC9CEB8-8B4A-11D0-8D11-00A0C91BC942}") = "dhtest", "dhtest\dhtest.vcxproj", "{5DB694F1-5C1D-4AEE-9A21-102701D7E073}"
EndProject
Project("{8BC9CEB8-8B4A-11D0-8D11-00A0C91BC942}") = "dsa", "dsa\dsa.vcxproj", "{C0CC4EB1-00AF-4995-97CA-78D12F1F2AB6}"
EndProject
Project("{8BC9CEB8-8B4A-11D0-8D11-00A0C91BC942}") = "dsaparam", "dsaparam\dsaparam.vcxproj", "{D134420C-6B71-4F54-B8C4-AFBDFE9F1347}"
EndProject
Project("{8BC9CEB8-8B4A-11D0-8D11-00A0C91BC942}") = "dsatest", "dsatest\dsatest.vcxproj", "{A9287469-9E1B-4FF5-93F9-87DB4029455D}"
EndProject
Project("{8BC9CEB8-8B4A-11D0-8D11-00A0C91BC942}") = "ecdhtest", "ecdhtest\ecdhtest.vcxproj", "{DA7D5EE4-412A-4DAE-851A-3F249EF1BE3C}"
EndProject
Project("{8BC9CEB8-8B4A-11D0-8D11-00A0C91BC942}") = "ecdsatest", "ecdsatest\ecdsatest.vcxproj", "{E88EB00E-3303-4266-8327-B5183FB4DB92}"
EndProject
Project("{8BC9CEB8-8B4A-11D0-8D11-00A0C91BC942}") = "ectest", "ectest\ectest.vcxproj", "{684A5B7B-A690-4FA3-B31A-5C110864DA30}"
EndProject
Project("{8BC9CEB8-8B4A-11D0-8D11-00A0C91BC942}") = "enc", "enc\enc.vcxproj", "{C74A1014-8943-4B1F-9BCE-08CC7AA39445}"
EndProject
Project("{8BC9CEB8-8B4A-11D0-8D11-00A0C91BC942}") = "engine", "engine\engine.vcxproj", "{7184BF8B-857F-42CB-94C2-9194A772CFC7}"
EndProject
Project("{8BC9CEB8-8B4A-11D0-8D11-00A0C91BC942}") = "enginetest", "enginetest\enginetest.vcxproj", "{4EBC4CA2-283F-4DAE-A11E-9B1FA51DA2FA}"
EndProject
Project("{8BC9CEB8-8B4A-11D0-8D11-00A0C91BC942}") = "errstr", "errstr\errstr.vcxproj", "{4A23E0A1-128F-4A8F-A0C3-22A832089915}"
EndProject
Project("{8BC9CEB8-8B4A-11D0-8D11-00A0C91BC942}") = "evp_test", "evp_test\evp_test.vcxproj", "{27F67AAB-399B-47D9-9172-2FF22618548E}"
EndProject
Project("{8BC9CEB8-8B4A-11D0-8D11-00A0C91BC942}") = "exptest", "exptest\exptest.vcxproj", "{3DEB59BD-6E39-447C-B874-3A566852CD48}"
EndProject
Project("{8BC9CEB8-8B4A-11D0-8D11-00A0C91BC942}") = "gendh", "gendh\gendh.vcxproj", "{7D8BAB02-AAE6-4355-8C5F-41C5DF9AE7C1}"
EndProject
Project("{8BC9CEB8-8B4A-11D0-8D11-00A0C91BC942}") = "gendsa", "gendsa\gendsa.vcxproj", "{8CF58BFF-6EB4-430B-A7F1-F564F627082A}"
EndProject
Project("{8BC9CEB8-8B4A-11D0-8D11-00A0C91BC942}") = "genrsa", "genrsa\genrsa.vcxproj", "{C1CABED0-7C2E-4BF9-B024-69D99DA08C6A}"
EndProject
Project("{8BC9CEB8-8B4A-11D0-8D11-00A0C91BC942}") = "gmp", "gmp\gmp.vcxproj", "{F39D37D9-EC2F-4718-99AD-96AE0F23EB75}"
EndProject
Project("{8BC9CEB8-8B4A-11D0-8D11-00A0C91BC942}") = "gost", "gost\gost.vcxproj", "{430DF21C-3571-45E3-A3B2-B7DB344F2207}"
EndProject
Project("{8BC9CEB8-8B4A-11D0-8D11-00A0C91BC942}") = "hmactest", "hmactest\hmactest.vcxproj", "{5880AA80-266B-44DE-A059-693B7B5A2CEC}"
EndProject
Project("{8BC9CEB8-8B4A-11D0-8D11-00A0C91BC942}") = "ideatest", "ideatest\ideatest.vcxproj", "{9ADFC068-8C76-41DC-8950-865C75179575}"
EndProject
Project("{8BC9CEB8-8B4A-11D0-8D11-00A0C91BC942}") = "libeay32", "libeay32\libeay32.vcxproj", "{70ABE75C-FBC2-4C82-9103-B952FA5CD168}"
EndProject
Project("{8BC9CEB8-8B4A-11D0-8D11-00A0C91BC942}") = "md2test", "md2test\md2test.vcxproj", "{66C08A19-6EB7-4346-A4E6-5A83AD3A4F46}"
EndProject
Project("{8BC9CEB8-8B4A-11D0-8D11-00A0C91BC942}") = "Md4test", "Md4test\Md4test.vcxproj", "{34B8F927-4702-43A1-B730-77CE45104C4C}"
EndProject
Project("{8BC9CEB8-8B4A-11D0-8D11-00A0C91BC942}") = "md5test", "md5test\md5test.vcxproj", "{5AF6FC49-7CA1-49B2-8B4F-42AC5552863F}"
EndProject
Project("{8BC9CEB8-8B4A-11D0-8D11-00A0C91BC942}") = "mdc2test", "mdc2test\mdc2test.vcxproj", "{49DD24DA-AC52-4FB9-940D-DEEE6F424C66}"
EndProject
Project("{8BC9CEB8-8B4A-11D0-8D11-00A0C91BC942}") = "nseq", "nseq\nseq.vcxproj", "{FCF9E326-312F-4777-A7FA-7FEF211B644E}"
EndProject
Project("{8BC9CEB8-8B4A-11D0-8D11-00A0C91BC942}") = "nuron", "nuron\nuron.vcxproj", "{3BC2F274-6EA2-4711-AC25-917F468CAF77}"
EndProject
Project("{8BC9CEB8-8B4A-11D0-8D11-00A0C91BC942}") = "ocsp", "OCSP\ocsp.vcxproj", "{95553761-06F1-4F25-98FE-65C72E65BA55}"
EndProject
Project("{8BC9CEB8-8B4A-11D0-8D11-00A0C91BC942}") = "openssl", "openssl\openssl.vcxproj", "{D28C0ECF-2CAC-477B-A9A2-5618024BD8B4}"
EndProject
Project("{8BC9CEB8-8B4A-11D0-8D11-00A0C91BC942}") = "padlock", "padlock\padlock.vcxproj", "{7FBDB4E6-DF45-4A69-AEB9-1F0735B6F896}"
EndProject
Project("{8BC9CEB8-8B4A-11D0-8D11-00A0C91BC942}") = "passwd", "passwd\passwd.vcxproj", "{F99A8F3E-C74F-41B7-9DDE-7DA92E0D8A6F}"
EndProject
Project("{8BC9CEB8-8B4A-11D0-8D11-00A0C91BC942}") = "pkcs12", "pkcs12\pkcs12.vcxproj", "{B8AABF4A-076F-435B-8262-C729A18E1082}"
EndProject
Project("{8BC9CEB8-8B4A-11D0-8D11-00A0C91BC942}") = "pkcs7", "pkcs7\pkcs7.vcxproj", "{03ED49CC-936E-4881-AD27-AF7229255586}"
EndProject
Project("{8BC9CEB8-8B4A-11D0-8D11-00A0C91BC942}") = "pkcs8", "pkcs8\pkcs8.vcxproj", "{679A5001-9400-43F3-A7D7-6F5FFF781010}"
EndProject
Project("{8BC9CEB8-8B4A-11D0-8D11-00A0C91BC942}") = "rand", "rand\rand.vcxproj", "{4A0A6C96-DC9C-4EBD-9B14-90A86DE7F3AE}"
EndProject
Project("{8BC9CEB8-8B4A-11D0-8D11-00A0C91BC942}") = "randtest", "randtest\randtest.vcxproj", "{E410CE6E-7558-4DDA-9201-6CAEF5482A1A}"
EndProject
Project("{8BC9CEB8-8B4A-11D0-8D11-00A0C91BC942}") = "rc2test", "rc2test\rc2test.vcxproj", "{8E8143E0-B6CB-4590-89D4-CB26AE0FE606}"
EndProject
Project("{8BC9CEB8-8B4A-11D0-8D11-00A0C91BC942}") = "rc4test", "rc4test\rc4test.vcxproj", "{D3EF37E4-12B2-48D7-A772-E0903C4D0E82}"
EndProject
Project("{8BC9CEB8-8B4A-11D0-8D11-00A0C91BC942}") = "rc5test", "rc5test\rc5test.vcxproj", "{C96C4AD2-5DF5-4B3C-B13A-2EC3F8D445DB}"
EndProject
Project("{8BC9CEB8-8B4A-11D0-8D11-00A0C91BC942}") = "req", "req\req.vcxproj", "{C40EC56C-7DA1-4826-BF4B-FD3C0245E2E9}"
EndProject
Project("{8BC9CEB8-8B4A-11D0-8D11-00A0C91BC942}") = "rmdtest", "rmdtest\rmdtest.vcxproj", "{D3098930-5B8C-4281-9292-3B870B0137FB}"
EndProject
Project("{8BC9CEB8-8B4A-11D0-8D11-00A0C91BC942}") = "rsa", "rsa\rsa.vcxproj", "{5C716FDE-8D65-4043-8E9D-7346B24A200E}"
EndProject
Project("{8BC9CEB8-8B4A-11D0-8D11-00A0C91BC942}") = "rsatest", "rsatest\rsatest.vcxproj", "{4E179BCF-C9A7-4107-AD29-2103341770D7}"
EndProject
Project("{8BC9CEB8-8B4A-11D0-8D11-00A0C91BC942}") = "Rsautl", "rsautl\Rsautl.vcxproj", "{1BFF068A-C383-4AE7-8294-495F146EB38C}"
EndProject
Project("{8BC9CEB8-8B4A-11D0-8D11-00A0C91BC942}") = "s_client", "s_client\s_client.vcxproj", "{DDD0D559-C647-42B7-B5B9-DF29ADB9E093}"
EndProject
Project("{8BC9CEB8-8B4A-11D0-8D11-00A0C91BC942}") = "s_server", "s_server\s_server.vcxproj", "{C948943C-1694-4B5B-B128-995485321E25}"
EndProject
Project("{8BC9CEB8-8B4A-11D0-8D11-00A0C91BC942}") = "s_time", "s_time\s_time.vcxproj", "{021FA9E3-67CD-4E7F-A1BB-6826E31B41FA}"
EndProject
Project("{8BC9CEB8-8B4A-11D0-8D11-00A0C91BC942}") = "sess_id", "sess_id\sess_id.vcxproj", "{2ADA5665-3399-41F3-B9B4-E4E0BC6CE4D2}"
EndProject
Project("{8BC9CEB8-8B4A-11D0-8D11-00A0C91BC942}") = "sha1test", "sha1test\sha1test.vcxproj", "{C55F356F-CD6C-404C-984F-F7DFE9FA591A}"
EndProject
Project("{8BC9CEB8-8B4A-11D0-8D11-00A0C91BC942}") = "sha256t", "sha256t\sha256t.vcxproj", "{4383BE3D-214F-4BDB-A3AD-B9CE5255FD35}"
EndProject
Project("{8BC9CEB8-8B4A-11D0-8D11-00A0C91BC942}") = "sha512t", "sha512t\sha512t.vcxproj", "{DC34F9AC-2706-48A6-8A8B-CF972F866F6D}"
EndProject
Project("{8BC9CEB8-8B4A-11D0-8D11-00A0C91BC942}") = "shatest", "shatest\shatest.vcxproj", "{92AFAC90-704F-4335-9F75-BE677AC80783}"
EndProject
Project("{8BC9CEB8-8B4A-11D0-8D11-00A0C91BC942}") = "smime", "smime\smime.vcxproj", "{7BFC994B-FFD9-47FB-A382-DD3A5097D738}"
EndProject
Project("{8BC9CEB8-8B4A-11D0-8D11-00A0C91BC942}") = "speed", "speed\speed.vcxproj", "{B77543D3-37BA-4285-A20E-946CC98D8B21}"
EndProject
Project("{8BC9CEB8-8B4A-11D0-8D11-00A0C91BC942}") = "spkac", "spkac\spkac.vcxproj", "{DF12A1ED-A161-41EA-A7B7-06568B181737}"
EndProject
Project("{8BC9CEB8-8B4A-11D0-8D11-00A0C91BC942}") = "ssltest", "ssltest\ssltest.vcxproj", "{71878AFD-B11B-4A06-84E7-739CAFF616F4}"
EndProject
Project("{8BC9CEB8-8B4A-11D0-8D11-00A0C91BC942}") = "sureware", "sureware\sureware.vcxproj", "{45D3C378-FBF1-46B0-88CA-98F2480BDFE9}"
EndProject
Project("{8BC9CEB8-8B4A-11D0-8D11-00A0C91BC942}") = "ubsec", "ubsec\ubsec.vcxproj", "{12D79C3D-4496-42D2-8F19-50DAAF5A81B8}"
EndProject
Project("{8BC9CEB8-8B4A-11D0-8D11-00A0C91BC942}") = "verify", "verify\verify.vcxproj", "{B2935DFB-C21E-441B-A745-A40AC889E74D}"
EndProject
Project("{8BC9CEB8-8B4A-11D0-8D11-00A0C91BC942}") = "version", "version\version.vcxproj", "{95525729-BAA6-46CD-A829-FA6B708FEA92}"
EndProject
Project("{8BC9CEB8-8B4A-11D0-8D11-00A0C91BC942}") = "wp_test", "wp_test\wp_test.vcxproj", "{04308B71-025E-46DC-A615-970E22058626}"
EndProject
Project("{8BC9CEB8-8B4A-11D0-8D11-00A0C91BC942}") = "x509", "x509\x509.vcxproj", "{5B482921-7063-41E0-BB08-063B41A9A04F}"
EndProject
Project("{8BC9CEB8-8B4A-11D0-8D11-00A0C91BC942}") = "genpkey", "genpkey\genpkey.vcxproj", "{04D3D359-3573-4FFF-A8F4-E37E61414261}"
EndProject
Global
	GlobalSection(SolutionConfigurationPlatforms) = preSolution
		Debug|Win32 = Debug|Win32
		Release|Win32 = Release|Win32
	EndGlobalSection
	GlobalSection(ProjectConfigurationPlatforms) = postSolution
		{1044BA63-D9E0-4674-BD20-F4CD28CEC9E9}.Debug|Win32.ActiveCfg = Debug|Win32
		{1044BA63-D9E0-4674-BD20-F4CD28CEC9E9}.Debug|Win32.Build.0 = Debug|Win32
		{1044BA63-D9E0-4674-BD20-F4CD28CEC9E9}.Release|Win32.ActiveCfg = Release|Win32
		{1044BA63-D9E0-4674-BD20-F4CD28CEC9E9}.Release|Win32.Build.0 = Release|Win32
		{24265BD3-3CF3-41A9-B137-53DBEC0F53BF}.Debug|Win32.ActiveCfg = Debug|Win32
		{24265BD3-3CF3-41A9-B137-53DBEC0F53BF}.Debug|Win32.Build.0 = Debug|Win32
		{24265BD3-3CF3-41A9-B137-53DBEC0F53BF}.Release|Win32.ActiveCfg = Release|Win32
		{24265BD3-3CF3-41A9-B137-53DBEC0F53BF}.Release|Win32.Build.0 = Release|Win32
		{1E0A26D7-F00A-4EC1-8FE3-2DF8AD31116C}.Debug|Win32.ActiveCfg = Debug|Win32
		{1E0A26D7-F00A-4EC1-8FE3-2DF8AD31116C}.Debug|Win32.Build.0 = Debug|Win32
		{1E0A26D7-F00A-4EC1-8FE3-2DF8AD31116C}.Release|Win32.ActiveCfg = Release|Win32
		{1E0A26D7-F00A-4EC1-8FE3-2DF8AD31116C}.Release|Win32.Build.0 = Release|Win32
		{ECAD300A-9DA3-4050-8416-BF8A581EFBF9}.Debug|Win32.ActiveCfg = Debug|Win32
		{ECAD300A-9DA3-4050-8416-BF8A581EFBF9}.Debug|Win32.Build.0 = Debug|Win32
		{ECAD300A-9DA3-4050-8416-BF8A581EFBF9}.Release|Win32.ActiveCfg = Release|Win32
		{ECAD300A-9DA3-4050-8416-BF8A581EFBF9}.Release|Win32.Build.0 = Release|Win32
		{B24E41A0-81C5-457B-92A4-8F150C2C5B0F}.Debug|Win32.ActiveCfg = Debug|Win32
		{B24E41A0-81C5-457B-92A4-8F150C2C5B0F}.Debug|Win32.Build.0 = Debug|Win32
		{B24E41A0-81C5-457B-92A4-8F150C2C5B0F}.Release|Win32.ActiveCfg = Release|Win32
		{B24E41A0-81C5-457B-92A4-8F150C2C5B0F}.Release|Win32.Build.0 = Release|Win32
		{6B583F9D-D886-44B5-9437-D41F3A46422D}.Debug|Win32.ActiveCfg = Debug|Win32
		{6B583F9D-D886-44B5-9437-D41F3A46422D}.Debug|Win32.Build.0 = Debug|Win32
		{6B583F9D-D886-44B5-9437-D41F3A46422D}.Release|Win32.ActiveCfg = Release|Win32
		{6B583F9D-D886-44B5-9437-D41F3A46422D}.Release|Win32.Build.0 = Release|Win32
		{C6ABF92A-C972-4592-9649-53E4FFC66DBA}.Debug|Win32.ActiveCfg = Debug|Win32
		{C6ABF92A-C972-4592-9649-53E4FFC66DBA}.Debug|Win32.Build.0 = Debug|Win32
		{C6ABF92A-C972-4592-9649-53E4FFC66DBA}.Release|Win32.ActiveCfg = Release|Win32
		{C6ABF92A-C972-4592-9649-53E4FFC66DBA}.Release|Win32.Build.0 = Release|Win32
		{DD72231E-AB2F-4E83-9413-BAED410DCDEC}.Debug|Win32.ActiveCfg = Debug|Win32
		{DD72231E-AB2F-4E83-9413-BAED410DCDEC}.Debug|Win32.Build.0 = Debug|Win32
		{DD72231E-AB2F-4E83-9413-BAED410DCDEC}.Release|Win32.ActiveCfg = Release|Win32
		{DD72231E-AB2F-4E83-9413-BAED410DCDEC}.Release|Win32.Build.0 = Release|Win32
		{23033442-0999-4117-94AA-BA52E5B5C2A6}.Debug|Win32.ActiveCfg = Debug|Win32
		{23033442-0999-4117-94AA-BA52E5B5C2A6}.Debug|Win32.Build.0 = Debug|Win32
		{23033442-0999-4117-94AA-BA52E5B5C2A6}.Release|Win32.ActiveCfg = Release|Win32
		{23033442-0999-4117-94AA-BA52E5B5C2A6}.Release|Win32.Build.0 = Release|Win32
		{7DB3E9AE-3F26-471F-A88D-89C5CBCAE981}.Debug|Win32.ActiveCfg = Debug|Win32
		{7DB3E9AE-3F26-471F-A88D-89C5CBCAE981}.Debug|Win32.Build.0 = Debug|Win32
		{7DB3E9AE-3F26-471F-A88D-89C5CBCAE981}.Release|Win32.ActiveCfg = Release|Win32
		{7DB3E9AE-3F26-471F-A88D-89C5CBCAE981}.Release|Win32.Build.0 = Release|Win32
		{7CE02388-A2B2-437B-9C9E-40D5989FA47B}.Debug|Win32.ActiveCfg = Debug|Win32
		{7CE02388-A2B2-437B-9C9E-40D5989FA47B}.Debug|Win32.Build.0 = Debug|Win32
		{7CE02388-A2B2-437B-9C9E-40D5989FA47B}.Release|Win32.ActiveCfg = Release|Win32
		{7CE02388-A2B2-437B-9C9E-40D5989FA47B}.Release|Win32.Build.0 = Release|Win32
		{261BAB21-8E90-4EEB-B507-7281D65A5673}.Debug|Win32.ActiveCfg = Debug|Win32
		{261BAB21-8E90-4EEB-B507-7281D65A5673}.Debug|Win32.Build.0 = Debug|Win32
		{261BAB21-8E90-4EEB-B507-7281D65A5673}.Release|Win32.ActiveCfg = Release|Win32
		{261BAB21-8E90-4EEB-B507-7281D65A5673}.Release|Win32.Build.0 = Release|Win32
		{6BD58CDE-4117-4100-8F39-1983B0F35F19}.Debug|Win32.ActiveCfg = Debug|Win32
		{6BD58CDE-4117-4100-8F39-1983B0F35F19}.Debug|Win32.Build.0 = Debug|Win32
		{6BD58CDE-4117-4100-8F39-1983B0F35F19}.Release|Win32.ActiveCfg = Release|Win32
		{6BD58CDE-4117-4100-8F39-1983B0F35F19}.Release|Win32.Build.0 = Release|Win32
		{330526E6-0FBC-412A-8427-BCB2035DF5AA}.Debug|Win32.ActiveCfg = Debug|Win32
		{330526E6-0FBC-412A-8427-BCB2035DF5AA}.Debug|Win32.Build.0 = Debug|Win32
		{330526E6-0FBC-412A-8427-BCB2035DF5AA}.Release|Win32.ActiveCfg = Release|Win32
		{330526E6-0FBC-412A-8427-BCB2035DF5AA}.Release|Win32.Build.0 = Release|Win32
		{C14B8F56-AEDD-41B3-8DE7-E7FDE8D7C968}.Debug|Win32.ActiveCfg = Debug|Win32
		{C14B8F56-AEDD-41B3-8DE7-E7FDE8D7C968}.Debug|Win32.Build.0 = Debug|Win32
		{C14B8F56-AEDD-41B3-8DE7-E7FDE8D7C968}.Release|Win32.ActiveCfg = Release|Win32
		{C14B8F56-AEDD-41B3-8DE7-E7FDE8D7C968}.Release|Win32.Build.0 = Release|Win32
		{E4A30130-E0B8-42E5-8429-6589CCE29F40}.Debug|Win32.ActiveCfg = Debug|Win32
		{E4A30130-E0B8-42E5-8429-6589CCE29F40}.Debug|Win32.Build.0 = Debug|Win32
		{E4A30130-E0B8-42E5-8429-6589CCE29F40}.Release|Win32.ActiveCfg = Release|Win32
		{E4A30130-E0B8-42E5-8429-6589CCE29F40}.Release|Win32.Build.0 = Release|Win32
		{5E383618-7AF3-451E-B4A0-B75DB40CE206}.Debug|Win32.ActiveCfg = Debug|Win32
		{5E383618-7AF3-451E-B4A0-B75DB40CE206}.Debug|Win32.Build.0 = Debug|Win32
		{5E383618-7AF3-451E-B4A0-B75DB40CE206}.Release|Win32.ActiveCfg = Release|Win32
		{5E383618-7AF3-451E-B4A0-B75DB40CE206}.Release|Win32.Build.0 = Release|Win32
		{CEA1937F-38CC-429C-9E70-72BE243BCF69}.Debug|Win32.ActiveCfg = Debug|Win32
		{CEA1937F-38CC-429C-9E70-72BE243BCF69}.Debug|Win32.Build.0 = Debug|Win32
		{CEA1937F-38CC-429C-9E70-72BE243BCF69}.Release|Win32.ActiveCfg = Release|Win32
		{CEA1937F-38CC-429C-9E70-72BE243BCF69}.Release|Win32.Build.0 = Release|Win32
		{5F824E1A-9AF9-4547-BB59-22E5D5CB4CFC}.Debug|Win32.ActiveCfg = Debug|Win32
		{5F824E1A-9AF9-4547-BB59-22E5D5CB4CFC}.Debug|Win32.Build.0 = Debug|Win32
		{5F824E1A-9AF9-4547-BB59-22E5D5CB4CFC}.Release|Win32.ActiveCfg = Release|Win32
		{5F824E1A-9AF9-4547-BB59-22E5D5CB4CFC}.Release|Win32.Build.0 = Release|Win32
		{62BCFFE7-68D0-435F-A112-6B197E914D97}.Debug|Win32.ActiveCfg = Debug|Win32
		{62BCFFE7-68D0-435F-A112-6B197E914D97}.Debug|Win32.Build.0 = Debug|Win32
		{62BCFFE7-68D0-435F-A112-6B197E914D97}.Release|Win32.ActiveCfg = Release|Win32
		{62BCFFE7-68D0-435F-A112-6B197E914D97}.Release|Win32.Build.0 = Release|Win32
		{540431EC-45EE-484C-9297-210EA19E1E01}.Debug|Win32.ActiveCfg = Debug|Win32
		{540431EC-45EE-484C-9297-210EA19E1E01}.Debug|Win32.Build.0 = Debug|Win32
		{540431EC-45EE-484C-9297-210EA19E1E01}.Release|Win32.ActiveCfg = Release|Win32
		{540431EC-45EE-484C-9297-210EA19E1E01}.Release|Win32.Build.0 = Release|Win32
		{5DB694F1-5C1D-4AEE-9A21-102701D7E073}.Debug|Win32.ActiveCfg = Debug|Win32
		{5DB694F1-5C1D-4AEE-9A21-102701D7E073}.Debug|Win32.Build.0 = Debug|Win32
		{5DB694F1-5C1D-4AEE-9A21-102701D7E073}.Release|Win32.ActiveCfg = Release|Win32
		{5DB694F1-5C1D-4AEE-9A21-102701D7E073}.Release|Win32.Build.0 = Release|Win32
		{C0CC4EB1-00AF-4995-97CA-78D12F1F2AB6}.Debug|Win32.ActiveCfg = Debug|Win32
		{C0CC4EB1-00AF-4995-97CA-78D12F1F2AB6}.Debug|Win32.Build.0 = Debug|Win32
		{C0CC4EB1-00AF-4995-97CA-78D12F1F2AB6}.Release|Win32.ActiveCfg = Release|Win32
		{C0CC4EB1-00AF-4995-97CA-78D12F1F2AB6}.Release|Win32.Build.0 = Release|Win32
		{D134420C-6B71-4F54-B8C4-AFBDFE9F1347}.Debug|Win32.ActiveCfg = Debug|Win32
		{D134420C-6B71-4F54-B8C4-AFBDFE9F1347}.Debug|Win32.Build.0 = Debug|Win32
		{D134420C-6B71-4F54-B8C4-AFBDFE9F1347}.Release|Win32.ActiveCfg = Release|Win32
		{D134420C-6B71-4F54-B8C4-AFBDFE9F1347}.Release|Win32.Build.0 = Release|Win32
		{A9287469-9E1B-4FF5-93F9-87DB4029455D}.Debug|Win32.ActiveCfg = Debug|Win32
		{A9287469-9E1B-4FF5-93F9-87DB4029455D}.Debug|Win32.Build.0 = Debug|Win32
		{A9287469-9E1B-4FF5-93F9-87DB4029455D}.Release|Win32.ActiveCfg = Release|Win32
		{A9287469-9E1B-4FF5-93F9-87DB4029455D}.Release|Win32.Build.0 = Release|Win32
		{DA7D5EE4-412A-4DAE-851A-3F249EF1BE3C}.Debug|Win32.ActiveCfg = Debug|Win32
		{DA7D5EE4-412A-4DAE-851A-3F249EF1BE3C}.Debug|Win32.Build.0 = Debug|Win32
		{DA7D5EE4-412A-4DAE-851A-3F249EF1BE3C}.Release|Win32.ActiveCfg = Release|Win32
		{DA7D5EE4-412A-4DAE-851A-3F249EF1BE3C}.Release|Win32.Build.0 = Release|Win32
		{E88EB00E-3303-4266-8327-B5183FB4DB92}.Debug|Win32.ActiveCfg = Debug|Win32
		{E88EB00E-3303-4266-8327-B5183FB4DB92}.Debug|Win32.Build.0 = Debug|Win32
		{E88EB00E-3303-4266-8327-B5183FB4DB92}.Release|Win32.ActiveCfg = Release|Win32
		{E88EB00E-3303-4266-8327-B5183FB4DB92}.Release|Win32.Build.0 = Release|Win32
		{684A5B7B-A690-4FA3-B31A-5C110864DA30}.Debug|Win32.ActiveCfg = Debug|Win32
		{684A5B7B-A690-4FA3-B31A-5C110864DA30}.Debug|Win32.Build.0 = Debug|Win32
		{684A5B7B-A690-4FA3-B31A-5C110864DA30}.Release|Win32.ActiveCfg = Release|Win32
		{684A5B7B-A690-4FA3-B31A-5C110864DA30}.Release|Win32.Build.0 = Release|Win32
		{C74A1014-8943-4B1F-9BCE-08CC7AA39445}.Debug|Win32.ActiveCfg = Debug|Win32
		{C74A1014-8943-4B1F-9BCE-08CC7AA39445}.Debug|Win32.Build.0 = Debug|Win32
		{C74A1014-8943-4B1F-9BCE-08CC7AA39445}.Release|Win32.ActiveCfg = Release|Win32
		{C74A1014-8943-4B1F-9BCE-08CC7AA39445}.Release|Win32.Build.0 = Release|Win32
		{7184BF8B-857F-42CB-94C2-9194A772CFC7}.Debug|Win32.ActiveCfg = Debug|Win32
		{7184BF8B-857F-42CB-94C2-9194A772CFC7}.Debug|Win32.Build.0 = Debug|Win32
		{7184BF8B-857F-42CB-94C2-9194A772CFC7}.Release|Win32.ActiveCfg = Release|Win32
		{7184BF8B-857F-42CB-94C2-9194A772CFC7}.Release|Win32.Build.0 = Release|Win32
		{4EBC4CA2-283F-4DAE-A11E-9B1FA51DA2FA}.Debug|Win32.ActiveCfg = Debug|Win32
		{4EBC4CA2-283F-4DAE-A11E-9B1FA51DA2FA}.Debug|Win32.Build.0 = Debug|Win32
		{4EBC4CA2-283F-4DAE-A11E-9B1FA51DA2FA}.Release|Win32.ActiveCfg = Release|Win32
		{4EBC4CA2-283F-4DAE-A11E-9B1FA51DA2FA}.Release|Win32.Build.0 = Release|Win32
		{4A23E0A1-128F-4A8F-A0C3-22A832089915}.Debug|Win32.ActiveCfg = Debug|Win32
		{4A23E0A1-128F-4A8F-A0C3-22A832089915}.Debug|Win32.Build.0 = Debug|Win32
		{4A23E0A1-128F-4A8F-A0C3-22A832089915}.Release|Win32.ActiveCfg = Release|Win32
		{4A23E0A1-128F-4A8F-A0C3-22A832089915}.Release|Win32.Build.0 = Release|Win32
		{27F67AAB-399B-47D9-9172-2FF22618548E}.Debug|Win32.ActiveCfg = Debug|Win32
		{27F67AAB-399B-47D9-9172-2FF22618548E}.Debug|Win32.Build.0 = Debug|Win32
		{27F67AAB-399B-47D9-9172-2FF22618548E}.Release|Win32.ActiveCfg = Release|Win32
		{27F67AAB-399B-47D9-9172-2FF22618548E}.Release|Win32.Build.0 = Release|Win32
		{3DEB59BD-6E39-447C-B874-3A566852CD48}.Debug|Win32.ActiveCfg = Debug|Win32
		{3DEB59BD-6E39-447C-B874-3A566852CD48}.Debug|Win32.Build.0 = Debug|Win32
		{3DEB59BD-6E39-447C-B874-3A566852CD48}.Release|Win32.ActiveCfg = Release|Win32
		{3DEB59BD-6E39-447C-B874-3A566852CD48}.Release|Win32.Build.0 = Release|Win32
		{7D8BAB02-AAE6-4355-8C5F-41C5DF9AE7C1}.Debug|Win32.ActiveCfg = Debug|Win32
		{7D8BAB02-AAE6-4355-8C5F-41C5DF9AE7C1}.Debug|Win32.Build.0 = Debug|Win32
		{7D8BAB02-AAE6-4355-8C5F-41C5DF9AE7C1}.Release|Win32.ActiveCfg = Release|Win32
		{7D8BAB02-AAE6-4355-8C5F-41C5DF9AE7C1}.Release|Win32.Build.0 = Release|Win32
		{8CF58BFF-6EB4-430B-A7F1-F564F627082A}.Debug|Win32.ActiveCfg = Debug|Win32
		{8CF58BFF-6EB4-430B-A7F1-F564F627082A}.Debug|Win32.Build.0 = Debug|Win32
		{8CF58BFF-6EB4-430B-A7F1-F564F627082A}.Release|Win32.ActiveCfg = Release|Win32
		{8CF58BFF-6EB4-430B-A7F1-F564F627082A}.Release|Win32.Build.0 = Release|Win32
		{C1CABED0-7C2E-4BF9-B024-69D99DA08C6A}.Debug|Win32.ActiveCfg = Debug|Win32
		{C1CABED0-7C2E-4BF9-B024-69D99DA08C6A}.Debug|Win32.Build.0 = Debug|Win32
		{C1CABED0-7C2E-4BF9-B024-69D99DA08C6A}.Release|Win32.ActiveCfg = Release|Win32
		{C1CABED0-7C2E-4BF9-B024-69D99DA08C6A}.Release|Win32.Build.0 = Release|Win32
		{F39D37D9-EC2F-4718-99AD-96AE0F23EB75}.Debug|Win32.ActiveCfg = Debug|Win32
		{F39D37D9-EC2F-4718-99AD-96AE0F23EB75}.Debug|Win32.Build.0 = Debug|Win32
		{F39D37D9-EC2F-4718-99AD-96AE0F23EB75}.Release|Win32.ActiveCfg = Release|Win32
		{F39D37D9-EC2F-4718-99AD-96AE0F23EB75}.Release|Win32.Build.0 = Release|Win32
		{430DF21C-3571-45E3-A3B2-B7DB344F2207}.Debug|Win32.ActiveCfg = Debug|Win32
		{430DF21C-3571-45E3-A3B2-B7DB344F2207}.Debug|Win32.Build.0 = Debug|Win32
		{430DF21C-3571-45E3-A3B2-B7DB344F2207}.Release|Win32.ActiveCfg = Release|Win32
		{430DF21C-3571-45E3-A3B2-B7DB344F2207}.Release|Win32.Build.0 = Release|Win32
		{5880AA80-266B-44DE-A059-693B7B5A2CEC}.Debug|Win32.ActiveCfg = Debug|Win32
		{5880AA80-266B-44DE-A059-693B7B5A2CEC}.Debug|Win32.Build.0 = Debug|Win32
		{5880AA80-266B-44DE-A059-693B7B5A2CEC}.Release|Win32.ActiveCfg = Release|Win32
		{5880AA80-266B-44DE-A059-693B7B5A2CEC}.Release|Win32.Build.0 = Release|Win32
		{9ADFC068-8C76-41DC-8950-865C75179575}.Debug|Win32.ActiveCfg = Debug|Win32
		{9ADFC068-8C76-41DC-8950-865C75179575}.Debug|Win32.Build.0 = Debug|Win32
		{9ADFC068-8C76-41DC-8950-865C75179575}.Release|Win32.ActiveCfg = Release|Win32
		{9ADFC068-8C76-41DC-8950-865C75179575}.Release|Win32.Build.0 = Release|Win32
		{70ABE75C-FBC2-4C82-9103-B952FA5CD168}.Debug|Win32.ActiveCfg = Debug|Win32
		{70ABE75C-FBC2-4C82-9103-B952FA5CD168}.Debug|Win32.Build.0 = Debug|Win32
		{70ABE75C-FBC2-4C82-9103-B952FA5CD168}.Release|Win32.ActiveCfg = Release|Win32
		{70ABE75C-FBC2-4C82-9103-B952FA5CD168}.Release|Win32.Build.0 = Release|Win32
		{66C08A19-6EB7-4346-A4E6-5A83AD3A4F46}.Debug|Win32.ActiveCfg = Debug|Win32
		{66C08A19-6EB7-4346-A4E6-5A83AD3A4F46}.Debug|Win32.Build.0 = Debug|Win32
		{66C08A19-6EB7-4346-A4E6-5A83AD3A4F46}.Release|Win32.ActiveCfg = Release|Win32
		{66C08A19-6EB7-4346-A4E6-5A83AD3A4F46}.Release|Win32.Build.0 = Release|Win32
		{34B8F927-4702-43A1-B730-77CE45104C4C}.Debug|Win32.ActiveCfg = Debug|Win32
		{34B8F927-4702-43A1-B730-77CE45104C4C}.Debug|Win32.Build.0 = Debug|Win32
		{34B8F927-4702-43A1-B730-77CE45104C4C}.Release|Win32.ActiveCfg = Release|Win32
		{34B8F927-4702-43A1-B730-77CE45104C4C}.Release|Win32.Build.0 = Release|Win32
		{5AF6FC49-7CA1-49B2-8B4F-42AC5552863F}.Debug|Win32.ActiveCfg = Debug|Win32
		{5AF6FC49-7CA1-49B2-8B4F-42AC5552863F}.Debug|Win32.Build.0 = Debug|Win32
		{5AF6FC49-7CA1-49B2-8B4F-42AC5552863F}.Release|Win32.ActiveCfg = Release|Win32
		{5AF6FC49-7CA1-49B2-8B4F-42AC5552863F}.Release|Win32.Build.0 = Release|Win32
		{49DD24DA-AC52-4FB9-940D-DEEE6F424C66}.Debug|Win32.ActiveCfg = Debug|Win32
		{49DD24DA-AC52-4FB9-940D-DEEE6F424C66}.Debug|Win32.Build.0 = Debug|Win32
		{49DD24DA-AC52-4FB9-940D-DEEE6F424C66}.Release|Win32.ActiveCfg = Release|Win32
		{49DD24DA-AC52-4FB9-940D-DEEE6F424C66}.Release|Win32.Build.0 = Release|Win32
		{FCF9E326-312F-4777-A7FA-7FEF211B644E}.Debug|Win32.ActiveCfg = Debug|Win32
		{FCF9E326-312F-4777-A7FA-7FEF211B644E}.Debug|Win32.Build.0 = Debug|Win32
		{FCF9E326-312F-4777-A7FA-7FEF211B644E}.Release|Win32.ActiveCfg = Release|Win32
		{FCF9E326-312F-4777-A7FA-7FEF211B644E}.Release|Win32.Build.0 = Release|Win32
		{3BC2F274-6EA2-4711-AC25-917F468CAF77}.Debug|Win32.ActiveCfg = Debug|Win32
		{3BC2F274-6EA2-4711-AC25-917F468CAF77}.Debug|Win32.Build.0 = Debug|Win32
		{3BC2F274-6EA2-4711-AC25-917F468CAF77}.Release|Win32.ActiveCfg = Release|Win32
		{3BC2F274-6EA2-4711-AC25-917F468CAF77}.Release|Win32.Build.0 = Release|Win32
		{95553761-06F1-4F25-98FE-65C72E65BA55}.Debug|Win32.ActiveCfg = Debug|Win32
		{95553761-06F1-4F25-98FE-65C72E65BA55}.Debug|Win32.Build.0 = Debug|Win32
		{95553761-06F1-4F25-98FE-65C72E65BA55}.Release|Win32.ActiveCfg = Release|Win32
		{95553761-06F1-4F25-98FE-65C72E65BA55}.Release|Win32.Build.0 = Release|Win32
		{D28C0ECF-2CAC-477B-A9A2-5618024BD8B4}.Debug|Win32.ActiveCfg = Debug|Win32
		{D28C0ECF-2CAC-477B-A9A2-5618024BD8B4}.Debug|Win32.Build.0 = Debug|Win32
		{D28C0ECF-2CAC-477B-A9A2-5618024BD8B4}.Release|Win32.ActiveCfg = Release|Win32
		{D28C0ECF-2CAC-477B-A9A2-5618024BD8B4}.Release|Win32.Build.0 = Release|Win32
		{7FBDB4E6-DF45-4A69-AEB9-1F0735B6F896}.Debug|Win32.ActiveCfg = Debug|Win32
		{7FBDB4E6-DF45-4A69-AEB9-1F0735B6F896}.Debug|Win32.Build.0 = Debug|Win32
		{7FBDB4E6-DF45-4A69-AEB9-1F0735B6F896}.Release|Win32.ActiveCfg = Release|Win32
		{7FBDB4E6-DF45-4A69-AEB9-1F0735B6F896}.Release|Win32.Build.0 = Release|Win32
		{F99A8F3E-C74F-41B7-9DDE-7DA92E0D8A6F}.Debug|Win32.ActiveCfg = Debug|Win32
		{F99A8F3E-C74F-41B7-9DDE-7DA92E0D8A6F}.Debug|Win32.Build.0 = Debug|Win32
		{F99A8F3E-C74F-41B7-9DDE-7DA92E0D8A6F}.Release|Win32.ActiveCfg = Release|Win32
		{F99A8F3E-C74F-41B7-9DDE-7DA92E0D8A6F}.Release|Win32.Build.0 = Release|Win32
		{B8AABF4A-076F-435B-8262-C729A18E1082}.Debug|Win32.ActiveCfg = Debug|Win32
		{B8AABF4A-076F-435B-8262-C729A18E1082}.Debug|Win32.Build.0 = Debug|Win32
		{B8AABF4A-076F-435B-8262-C729A18E1082}.Release|Win32.ActiveCfg = Release|Win32
		{B8AABF4A-076F-435B-8262-C729A18E1082}.Release|Win32.Build.0 = Release|Win32
		{03ED49CC-936E-4881-AD27-AF7229255586}.Debug|Win32.ActiveCfg = Debug|Win32
		{03ED49CC-936E-4881-AD27-AF7229255586}.Debug|Win32.Build.0 = Debug|Win32
		{03ED49CC-936E-4881-AD27-AF7229255586}.Release|Win32.ActiveCfg = Release|Win32
		{03ED49CC-936E-4881-AD27-AF7229255586}.Release|Win32.Build.0 = Release|Win32
		{679A5001-9400-43F3-A7D7-6F5FFF781010}.Debug|Win32.ActiveCfg = Debug|Win32
		{679A5001-9400-43F3-A7D7-6F5FFF781010}.Debug|Win32.Build.0 = Debug|Win32
		{679A5001-9400-43F3-A7D7-6F5FFF781010}.Release|Win32.ActiveCfg = Release|Win32
		{679A5001-9400-43F3-A7D7-6F5FFF781010}.Release|Win32.Build.0 = Release|Win32
		{4A0A6C96-DC9C-4EBD-9B14-90A86DE7F3AE}.Debug|Win32.ActiveCfg = Debug|Win32
		{4A0A6C96-DC9C-4EBD-9B14-90A86DE7F3AE}.Debug|Win32.Build.0 = Debug|Win32
		{4A0A6C96-DC9C-4EBD-9B14-90A86DE7F3AE}.Release|Win32.ActiveCfg = Release|Win32
		{4A0A6C96-DC9C-4EBD-9B14-90A86DE7F3AE}.Release|Win32.Build.0 = Release|Win32
		{E410CE6E-7558-4DDA-9201-6CAEF5482A1A}.Debug|Win32.ActiveCfg = Debug|Win32
		{E410CE6E-7558-4DDA-9201-6CAEF5482A1A}.Debug|Win32.Build.0 = Debug|Win32
		{E410CE6E-7558-4DDA-9201-6CAEF5482A1A}.Release|Win32.ActiveCfg = Release|Win32
		{E410CE6E-7558-4DDA-9201-6CAEF5482A1A}.Release|Win32.Build.0 = Release|Win32
		{8E8143E0-B6CB-4590-89D4-CB26AE0FE606}.Debug|Win32.ActiveCfg = Debug|Win32
		{8E8143E0-B6CB-4590-89D4-CB26AE0FE606}.Debug|Win32.Build.0 = Debug|Win32
		{8E8143E0-B6CB-4590-89D4-CB26AE0FE606}.Release|Win32.ActiveCfg = Release|Win32
		{8E8143E0-B6CB-4590-89D4-CB26AE0FE606}.Release|Win32.Build.0 = Release|Win32
		{D3EF37E4-12B2-48D7-A772-E0903C4D0E82}.Debug|Win32.ActiveCfg = Debug|Win32
		{D3EF37E4-12B2-48D7-A772-E0903C4D0E82}.Debug|Win32.Build.0 = Debug|Win32
		{D3EF37E4-12B2-48D7-A772-E0903C4D0E82}.Release|Win32.ActiveCfg = Release|Win32
		{D3EF37E4-12B2-48D7-A772-E0903C4D0E82}.Release|Win32.Build.0 = Release|Win32
		{C96C4AD2-5DF5-4B3C-B13A-2EC3F8D445DB}.Debug|Win32.ActiveCfg = Debug|Win32
		{C96C4AD2-5DF5-4B3C-B13A-2EC3F8D445DB}.Debug|Win32.Build.0 = Debug|Win32
		{C96C4AD2-5DF5-4B3C-B13A-2EC3F8D445DB}.Release|Win32.ActiveCfg = Release|Win32
		{C96C4AD2-5DF5-4B3C-B13A-2EC3F8D445DB}.Release|Win32.Build.0 = Release|Win32
		{C40EC56C-7DA1-4826-BF4B-FD3C0245E2E9}.Debug|Win32.ActiveCfg = Debug|Win32
		{C40EC56C-7DA1-4826-BF4B-FD3C0245E2E9}.Debug|Win32.Build.0 = Debug|Win32
		{C40EC56C-7DA1-4826-BF4B-FD3C0245E2E9}.Release|Win32.ActiveCfg = Release|Win32
		{C40EC56C-7DA1-4826-BF4B-FD3C0245E2E9}.Release|Win32.Build.0 = Release|Win32
		{D3098930-5B8C-4281-9292-3B870B0137FB}.Debug|Win32.ActiveCfg = Debug|Win32
		{D3098930-5B8C-4281-9292-3B870B0137FB}.Debug|Win32.Build.0 = Debug|Win32
		{D3098930-5B8C-4281-9292-3B870B0137FB}.Release|Win32.ActiveCfg = Release|Win32
		{D3098930-5B8C-4281-9292-3B870B0137FB}.Release|Win32.Build.0 = Release|Win32
		{5C716FDE-8D65-4043-8E9D-7346B24A200E}.Debug|Win32.ActiveCfg = Debug|Win32
		{5C716FDE-8D65-4043-8E9D-7346B24A200E}.Debug|Win32.Build.0 = Debug|Win32
		{5C716FDE-8D65-4043-8E9D-7346B24A200E}.Release|Win32.ActiveCfg = Release|Win32
		{5C716FDE-8D65-4043-8E9D-7346B24A200E}.Release|Win32.Build.0 = Release|Win32
		{4E179BCF-C9A7-4107-AD29-2103341770D7}.Debug|Win32.ActiveCfg = Debug|Win32
		{4E179BCF-C9A7-4107-AD29-2103341770D7}.Debug|Win32.Build.0 = Debug|Win32
		{4E179BCF-C9A7-4107-AD29-2103341770D7}.Release|Win32.ActiveCfg = Release|Win32
		{4E179BCF-C9A7-4107-AD29-2103341770D7}.Release|Win32.Build.0 = Release|Win32
		{1BFF068A-C383-4AE7-8294-495F146EB38C}.Debug|Win32.ActiveCfg = Debug|Win32
		{1BFF068A-C383-4AE7-8294-495F146EB38C}.Debug|Win32.Build.0 = Debug|Win32
		{1BFF068A-C383-4AE7-8294-495F146EB38C}.Release|Win32.ActiveCfg = Release|Win32
		{1BFF068A-C383-4AE7-8294-495F146EB38C}.Release|Win32.Build.0 = Release|Win32
		{DDD0D559-C647-42B7-B5B9-DF29ADB9E093}.Debug|Win32.ActiveCfg = Debug|Win32
		{DDD0D559-C647-42B7-B5B9-DF29ADB9E093}.Debug|Win32.Build.0 = Debug|Win32
		{DDD0D559-C647-42B7-B5B9-DF29ADB9E093}.Release|Win32.ActiveCfg = Release|Win32
		{DDD0D559-C647-42B7-B5B9-DF29ADB9E093}.Release|Win32.Build.0 = Release|Win32
		{C948943C-1694-4B5B-B128-995485321E25}.Debug|Win32.ActiveCfg = Debug|Win32
		{C948943C-1694-4B5B-B128-995485321E25}.Debug|Win32.Build.0 = Debug|Win32
		{C948943C-1694-4B5B-B128-995485321E25}.Release|Win32.ActiveCfg = Release|Win32
		{C948943C-1694-4B5B-B128-995485321E25}.Release|Win32.Build.0 = Release|Win32
		{021FA9E3-67CD-4E7F-A1BB-6826E31B41FA}.Debug|Win32.ActiveCfg = Debug|Win32
		{021FA9E3-67CD-4E7F-A1BB-6826E31B41FA}.Debug|Win32.Build.0 = Debug|Win32
		{021FA9E3-67CD-4E7F-A1BB-6826E31B41FA}.Release|Win32.ActiveCfg = Release|Win32
		{021FA9E3-67CD-4E7F-A1BB-6826E31B41FA}.Release|Win32.Build.0 = Release|Win32
		{2ADA5665-3399-41F3-B9B4-E4E0BC6CE4D2}.Debug|Win32.ActiveCfg = Debug|Win32
		{2ADA5665-3399-41F3-B9B4-E4E0BC6CE4D2}.Debug|Win32.Build.0 = Debug|Win32
		{2ADA5665-3399-41F3-B9B4-E4E0BC6CE4D2}.Release|Win32.ActiveCfg = Release|Win32
		{2ADA5665-3399-41F3-B9B4-E4E0BC6CE4D2}.Release|Win32.Build.0 = Release|Win32
		{C55F356F-CD6C-404C-984F-F7DFE9FA591A}.Debug|Win32.ActiveCfg = Debug|Win32
		{C55F356F-CD6C-404C-984F-F7DFE9FA591A}.Debug|Win32.Build.0 = Debug|Win32
		{C55F356F-CD6C-404C-984F-F7DFE9FA591A}.Release|Win32.ActiveCfg = Release|Win32
		{C55F356F-CD6C-404C-984F-F7DFE9FA591A}.Release|Win32.Build.0 = Release|Win32
		{4383BE3D-214F-4BDB-A3AD-B9CE5255FD35}.Debug|Win32.ActiveCfg = Debug|Win32
		{4383BE3D-214F-4BDB-A3AD-B9CE5255FD35}.Debug|Win32.Build.0 = Debug|Win32
		{4383BE3D-214F-4BDB-A3AD-B9CE5255FD35}.Release|Win32.ActiveCfg = Release|Win32
		{4383BE3D-214F-4BDB-A3AD-B9CE5255FD35}.Release|Win32.Build.0 = Release|Win32
		{DC34F9AC-2706-48A6-8A8B-CF972F866F6D}.Debug|Win32.ActiveCfg = Debug|Win32
		{DC34F9AC-2706-48A6-8A8B-CF972F866F6D}.Debug|Win32.Build.0 = Debug|Win32
		{DC34F9AC-2706-48A6-8A8B-CF972F866F6D}.Release|Win32.ActiveCfg = Release|Win32
		{DC34F9AC-2706-48A6-8A8B-CF972F866F6D}.Release|Win32.Build.0 = Release|Win32
		{92AFAC90-704F-4335-9F75-BE677AC80783}.Debug|Win32.ActiveCfg = Debug|Win32
		{92AFAC90-704F-4335-9F75-BE677AC80783}.Debug|Win32.Build.0 = Debug|Win32
		{92AFAC90-704F-4335-9F75-BE677AC80783}.Release|Win32.ActiveCfg = Release|Win32
		{92AFAC90-704F-4335-9F75-BE677AC80783}.Release|Win32.Build.0 = Release|Win32
		{7BFC994B-FFD9-47FB-A382-DD3A5097D738}.Debug|Win32.ActiveCfg = Debug|Win32
		{7BFC994B-FFD9-47FB-A382-DD3A5097D738}.Debug|Win32.Build.0 = Debug|Win32
		{7BFC994B-FFD9-47FB-A382-DD3A5097D738}.Release|Win32.ActiveCfg = Release|Win32
		{7BFC994B-FFD9-47FB-A382-DD3A5097D738}.Release|Win32.Build.0 = Release|Win32
		{B77543D3-37BA-4285-A20E-946CC98D8B21}.Debug|Win32.ActiveCfg = Debug|Win32
		{B77543D3-37BA-4285-A20E-946CC98D8B21}.Debug|Win32.Build.0 = Debug|Win32
		{B77543D3-37BA-4285-A20E-946CC98D8B21}.Release|Win32.ActiveCfg = Release|Win32
		{B77543D3-37BA-4285-A20E-946CC98D8B21}.Release|Win32.Build.0 = Release|Win32
		{DF12A1ED-A161-41EA-A7B7-06568B181737}.Debug|Win32.ActiveCfg = Debug|Win32
		{DF12A1ED-A161-41EA-A7B7-06568B181737}.Debug|Win32.Build.0 = Debug|Win32
		{DF12A1ED-A161-41EA-A7B7-06568B181737}.Release|Win32.ActiveCfg = Release|Win32
		{DF12A1ED-A161-41EA-A7B7-06568B181737}.Release|Win32.Build.0 = Release|Win32
		{71878AFD-B11B-4A06-84E7-739CAFF616F4}.Debug|Win32.ActiveCfg = Debug|Win32
		{71878AFD-B11B-4A06-84E7-739CAFF616F4}.Debug|Win32.Build.0 = Debug|Win32
		{71878AFD-B11B-4A06-84E7-739CAFF616F4}.Release|Win32.ActiveCfg = Release|Win32
		{71878AFD-B11B-4A06-84E7-739CAFF616F4}.Release|Win32.Build.0 = Release|Win32
		{45D3C378-FBF1-46B0-88CA-98F2480BDFE9}.Debug|Win32.ActiveCfg = Debug|Win32
		{45D3C378-FBF1-46B0-88CA-98F2480BDFE9}.Debug|Win32.Build.0 = Debug|Win32
		{45D3C378-FBF1-46B0-88CA-98F2480BDFE9}.Release|Win32.ActiveCfg = Release|Win32
		{45D3C378-FBF1-46B0-88CA-98F2480BDFE9}.Release|Win32.Build.0 = Release|Win32
		{12D79C3D-4496-42D2-8F19-50DAAF5A81B8}.Debug|Win32.ActiveCfg = Debug|Win32
		{12D79C3D-4496-42D2-8F19-50DAAF5A81B8}.Debug|Win32.Build.0 = Debug|Win32
		{12D79C3D-4496-42D2-8F19-50DAAF5A81B8}.Release|Win32.ActiveCfg = Release|Win32
		{12D79C3D-4496-42D2-8F19-50DAAF5A81B8}.Release|Win32.Build.0 = Release|Win32
		{B2935DFB-C21E-441B-A745-A40AC889E74D}.Debug|Win32.ActiveCfg = Debug|Win32
		{B2935DFB-C21E-441B-A745-A40AC889E74D}.Debug|Win32.Build.0 = Debug|Win32
		{B2935DFB-C21E-441B-A745-A40AC889E74D}.Release|Win32.ActiveCfg = Release|Win32
		{B2935DFB-C21E-441B-A745-A40AC889E74D}.Release|Win32.Build.0 = Release|Win32
		{95525729-BAA6-46CD-A829-FA6B708FEA92}.Debug|Win32.ActiveCfg = Debug|Win32
		{95525729-BAA6-46CD-A829-FA6B708FEA92}.Debug|Win32.Build.0 = Debug|Win32
		{95525729-BAA6-46CD-A829-FA6B708FEA92}.Release|Win32.ActiveCfg = Release|Win32
		{95525729-BAA6-46CD-A829-FA6B708FEA92}.Release|Win32.Build.0 = Release|Win32
		{04308B71-025E-46DC-A615-970E22058626}.Debug|Win32.ActiveCfg = Debug|Win32
		{04308B71-025E-46DC-A615-970E22058626}.Debug|Win32.Build.0 = Debug|Win32
		{04308B71-025E-46DC-A615-970E22058626}.Release|Win32.ActiveCfg = Release|Win32
		{04308B71-025E-46DC-A615-970E22058626}.Release|Win32.Build.0 = Release|Win32
		{5B482921-7063-41E0-BB08-063B41A9A04F}.Debug|Win32.ActiveCfg = Debug|Win32
		{5B482921-7063-41E0-BB08-063B41A9A04F}.Debug|Win32.Build.0 = Debug|Win32
		{5B482921-7063-41E0-BB08-063B41A9A04F}.Release|Win32.ActiveCfg = Release|Win32
		{5B482921-7063-41E0-BB08-063B41A9A04F}.Release|Win32.Build.0 = Release|Win32
		{04D3D359-3573-4FFF-A8F4-E37E61414261}.Debug|Win32.ActiveCfg = Debug|Win32
		{04D3D359-3573-4FFF-A8F4-E37E61414261}.Debug|Win32.Build.0 = Debug|Win32
		{04D3D359-3573-4FFF-A8F4-E37E61414261}.Release|Win32.ActiveCfg = Release|Win32
		{04D3D359-3573-4FFF-A8F4-E37E61414261}.Release|Win32.Build.0 = Release|Win32
	EndGlobalSection
	GlobalSection(SolutionProperties) = preSolution
		HideSolutionNode = FALSE
	EndGlobalSection
EndGlobal
